
Microsoft Visual Studio Solution File, Format Version 12.00
# Visual Studio 15
VisualStudioVersion = 15.0.27703.2026
MinimumVisualStudioVersion = 10.0.40219.1
Project("{FAE04EC0-301F-11D3-BF4B-00C04F79EFBC}") = "MvcMovie", "MvcMovie\MvcMovie.csproj", "{B60E183D-639E-4DB3-9272-1042D3A070F3}"
EndProject
Global
	GlobalSection(SolutionConfigurationPlatforms) = preSolution
		Debug|Any CPU = Debug|Any CPU
		Release|Any CPU = Release|Any CPU
	EndGlobalSection
	GlobalSection(ProjectConfigurationPlatforms) = postSolution
		{B60E183D-639E-4DB3-9272-1042D3A070F3}.Debug|Any CPU.ActiveCfg = Debug|Any CPU
		{B60E183D-639E-4DB3-9272-1042D3A070F3}.Debug|Any CPU.Build.0 = Debug|Any CPU
		{B60E183D-639E-4DB3-9272-1042D3A070F3}.Release|Any CPU.ActiveCfg = Release|Any CPU
		{B60E183D-639E-4DB3-9272-1042D3A070F3}.Release|Any CPU.Build.0 = Release|Any CPU
	EndGlobalSection
	GlobalSection(SolutionProperties) = preSolution
		HideSolutionNode = FALSE
	EndGlobalSection
	GlobalSection(ExtensibilityGlobals) = postSolution
		SolutionGuid = {3718D273-FF04-4BAF-8163-45379D40D64C}
	EndGlobalSection
EndGlobal
